{
  "name": "my-valorant-store",
  "lockfileVersion": 2,
  "requires": true,
  "packages": {
    "": {
      "devDependencies": {
        "react-docgen-typescript": "^1.22.0"
      }
    },
    "node_modules/react-docgen-typescript": {
      "version": "1.22.0",
      "resolved": "https://registry.npmjs.org/react-docgen-typescript/-/react-docgen-typescript-1.22.0.tgz",
      "integrity": "sha512-MPLbF8vzRwAG3GcjdL+OHQlhgtWsLTXs+7uJiHfEeT3Ur7IsZaNYqRTLQ9sj2nB6M6jylcPCeCmH7qbszJmecg==",
      "dev": true,
      "peerDependencies": {
        "typescript": ">= 3.x"
      }
    },
    "node_modules/typescript": {
      "version": "4.2.3",
      "resolved": "https://registry.npmjs.org/typescript/-/typescript-4.2.3.tgz",
      "integrity": "sha512-qOcYwxaByStAWrBf4x0fibwZvMRG+r4cQoTjbPtUlrWjBHbmCAww1i448U0GJ+3cNNEtebDteo/cHOR3xJ4wEw==",
      "dev": true,
      "peer": true,
      "bin": {
        "tsc": "bin/tsc",
        "tsserver": "bin/tsserver"
      },
      "engines": {
        "node": ">=4.2.0"
      }
    }
  },
  "dependencies": {
    "react-docgen-typescript": {
      "version": "1.22.0",
      "resolved": "https://registry.npmjs.org/react-docgen-typescript/-/react-docgen-typescript-1.22.0.tgz",
      "integrity": "sha512-MPLbF8vzRwAG3GcjdL+OHQlhgtWsLTXs+7uJiHfEeT3Ur7IsZaNYqRTLQ9sj2nB6M6jylcPCeCmH7qbszJmecg==",
      "dev": true,
      "requires": {}
    },
    "typescript": {
      "version": "4.2.3",
      "resolved": "https://registry.npmjs.org/typescript/-/typescript-4.2.3.tgz",
      "integrity": "sha512-qOcYwxaByStAWrBf4x0fibwZvMRG+r4cQoTjbPtUlrWjBHbmCAww1i448U0GJ+3cNNEtebDteo/cHOR3xJ4wEw==",
      "dev": true,
      "peer": true
    }
  }
}
